<?xml version="1.0" encoding="utf-8"?>
<Project ToolsVersion="4.0" xmlns="http://schemas.microsoft.com/developer/msbuild/2003">
  <ItemGroup>
    <Filter Include="Source Files">
      <UniqueIdentifier>{4FC737F1-C7A5-4376-A066-2A32D752A2FF}</UniqueIdentifier>
      <Extensions>cpp;c;cc;cxx;def;odl;idl;hpj;bat;asm;asmx</Extensions>
    </Filter>
    <Filter Include="Header Files">
      <UniqueIdentifier>{93995380-89BD-4b04-88EB-625FBE52EBFB}</UniqueIdentifier>
      <Extensions>h;hh;hpp;hxx;hm;inl;inc;xsd</Extensions>
    </Filter>
    <Filter Include="Resource Files">
      <UniqueIdentifier>{D9D6E242-F8AF-46E4-B9FD-80ECBC20BA3E}</UniqueIdentifier>
      <Extensions>qrc;*</Extensions>
      <ParseFiles>false</ParseFiles>
    </Filter>
    <Filter Include="Form Files">
      <UniqueIdentifier>{99349809-55BA-4b9d-BF79-8FDBB0286EB3}</UniqueIdentifier>
      <Extensions>ui</Extensions>
    </Filter>
    <Filter Include="Resource Files">
      <UniqueIdentifier>{D9D6E242-F8AF-46E4-B9FD-80ECBC20BA3E}</UniqueIdentifier>
      <Extensions>qrc;*</Extensions>
      <ParseFiles>false</ParseFiles>
    </Filter>
    <Filter Include="Generated Files">
      <UniqueIdentifier>{71ED8ED8-ACB9-4CE9-BBE1-E00B30144E11}</UniqueIdentifier>
      <Extensions>moc;h;cpp</Extensions>
      <SourceControlFiles>False</SourceControlFiles>
    </Filter>
    <Filter Include="Header Files\Engines">
      <UniqueIdentifier>{00efb41e-0ea8-4845-b65c-12168702a851}</UniqueIdentifier>
    </Filter>
    <Filter Include="Source Files\Engines">
      <UniqueIdentifier>{da96ae65-7a70-4372-8d6c-d287aeebebf2}</UniqueIdentifier>
    </Filter>
    <Filter Include="Header Files\util">
      <UniqueIdentifier>{e1f12f55-54d8-4a36-bfab-c3a2813c1333}</UniqueIdentifier>
    </Filter>
    <Filter Include="Source Files\util">
      <UniqueIdentifier>{0ed7a715-034d-480d-af97-a0f2fbbc0d5c}</UniqueIdentifier>
    </Filter>
    <Filter Include="Header Files\Widgets">
      <UniqueIdentifier>{899509c0-ed72-453c-aed5-0a4a6e2a8294}</UniqueIdentifier>
    </Filter>
    <Filter Include="Header Files\Widgets\Tabs">
      <UniqueIdentifier>{f454f647-0cfb-446d-a940-360d1ee48d74}</UniqueIdentifier>
    </Filter>
    <Filter Include="Source Files\Widgets">
      <UniqueIdentifier>{e91b0586-59ba-4827-9fe0-56c3456dde06}</UniqueIdentifier>
    </Filter>
    <Filter Include="Source Files\Widgets\Tabs">
      <UniqueIdentifier>{a2a9e9dc-2593-4517-8367-1192020f4a4a}</UniqueIdentifier>
    </Filter>
    <Filter Include="Header Files\Widgets\PreLaunch">
      <UniqueIdentifier>{7d602af2-fd38-4a22-b2c5-3661006de222}</UniqueIdentifier>
    </Filter>
    <Filter Include="Header Files\Widgets\Elements">
      <UniqueIdentifier>{fa9324fc-f51b-4107-81e2-fc0c58c5c7d5}</UniqueIdentifier>
    </Filter>
    <Filter Include="Source Files\Widgets\PreLaunch">
      <UniqueIdentifier>{58ef7349-d28b-496a-aff2-752ebd8bd62c}</UniqueIdentifier>
    </Filter>
  </ItemGroup>
  <ItemGroup>
    <ClCompile Include="main.cpp">
      <Filter>Source Files</Filter>
    </ClCompile>
    <ClCompile Include="debugtrace.cpp">
      <Filter>Source Files\util</Filter>
    </ClCompile>
    <ClCompile Include="Widgets\AuthorTabWidget.cpp">
      <Filter>Source Files\Widgets\Tabs</Filter>
    </ClCompile>
    <ClCompile Include="Widgets\CharacterTabWidget.cpp">
      <Filter>Source Files\Widgets\Tabs</Filter>
    </ClCompile>
    <ClCompile Include="Engines\Conveyor.cpp">
      <Filter>Source Files\Engines</Filter>
    </ClCompile>
    <ClCompile Include="Engines\TagEngine.cpp">
      <Filter>Source Files\Engines</Filter>
    </ClCompile>
    <ClCompile Include="Widgets\Tagger.cpp">
      <Filter>Source Files\Widgets</Filter>
    </ClCompile>
    <ClCompile Include="Widgets\LaunchDialog.cpp">
      <Filter>Source Files\Widgets\PreLaunch</Filter>
    </ClCompile>
    <ClCompile Include="Widgets\settingsForm.cpp">
      <Filter>Source Files\Widgets\PreLaunch</Filter>
    </ClCompile>
    <ClCompile Include="Widgets\LaunchInfo.cpp">
      <Filter>Source Files\Widgets\PreLaunch</Filter>
    </ClCompile>
    <ClCompile Include="Widgets\MainWindow.cpp">
      <Filter>Source Files\Widgets\PreLaunch</Filter>
    </ClCompile>
    <ClCompile Include="Engines\ConsoleEngine.cpp">
      <Filter>Source Files</Filter>
    </ClCompile>
    <ClCompile Include="Widgets\TagHolder.cpp">
      <Filter>Source Files</Filter>
    </ClCompile>
  </ItemGroup>
  <ItemGroup>
    <QtRcc Include="Tagger.qrc">
      <Filter>Resource Files</Filter>
    </QtRcc>
  </ItemGroup>
  <ItemGroup>
    <ClInclude Include="debugtrace.h">
      <Filter>Header Files\util</Filter>
    </ClInclude>
    <ClInclude Include="Engines\ConsoleEngine.h">
      <Filter>Header Files\Engines</Filter>
    </ClInclude>
    <ClInclude Include="Engines\Conveyor.h">
      <Filter>Header Files\Engines</Filter>
    </ClInclude>
    <ClInclude Include="Engines\TagEngine.h">
      <Filter>Header Files\Engines</Filter>
    </ClInclude>
    <ClInclude Include="Widgets\LaunchInfo.h">
      <Filter>Header Files\Widgets\PreLaunch</Filter>
    </ClInclude>
  </ItemGroup>
  <ItemGroup>
    <QtMoc Include="Widgets\Tagger.h">
      <Filter>Header Files\Widgets</Filter>
    </QtMoc>
    <QtMoc Include="Widgets\AuthorTabWidget.h">
      <Filter>Header Files\Widgets\Tabs</Filter>
    </QtMoc>
    <QtMoc Include="Widgets\CharacterTabWidget.h">
      <Filter>Header Files\Widgets\Tabs</Filter>
    </QtMoc>
    <QtMoc Include="Widgets\LaunchDialog.h">
      <Filter>Header Files\Widgets\PreLaunch</Filter>
    </QtMoc>
    <QtMoc Include="Widgets\LabelClickable.h">
      <Filter>Header Files\Widgets\Elements</Filter>
    </QtMoc>
    <QtMoc Include="Widgets\MainWindow.h">
      <Filter>Header Files\Widgets\PreLaunch</Filter>
    </QtMoc>
    <QtMoc Include="Widgets\settingsForm.h">
      <Filter>Header Files\Widgets\PreLaunch</Filter>
    </QtMoc>
    <QtMoc Include="Widgets\TagHolder.h">
      <Filter>Header Files\Widgets\Tabs</Filter>
    </QtMoc>
  </ItemGroup>
</Project>